<?xml version="1.0" encoding="utf-8"?>
<Project ToolsVersion="4.0" xmlns="http://schemas.microsoft.com/developer/msbuild/2003">
  <ItemGroup>
    <Filter Include="Source Files">
      <UniqueIdentifier>{4FC737F1-C7A5-4376-A066-2A32D752A2FF}</UniqueIdentifier>
      <Extensions>cpp;c;cc;cxx;def;odl;idl;hpj;bat;asm;asmx</Extensions>
    </Filter>
    <Filter Include="Header Files">
      <UniqueIdentifier>{93995380-89BD-4b04-88EB-625FBE52EBFB}</UniqueIdentifier>
      <Extensions>h;hh;hpp;hxx;hm;inl;inc;xsd</Extensions>
    </Filter>
    <Filter Include="Resource Files">
      <UniqueIdentifier>{67DA6AB6-F800-4c08-8B7A-83BB121AAD01}</UniqueIdentifier>
      <Extensions>rc;ico;cur;bmp;dlg;rc2;rct;bin;rgs;gif;jpg;jpeg;jpe;resx;tiff;tif;png;wav;mfcribbon-ms</Extensions>
    </Filter>
    <Filter Include="Plugin Files">
      <UniqueIdentifier>{4FC737F1-C7A5-4376-A066-2A32D752A2F2}</UniqueIdentifier>
    </Filter>
  </ItemGroup>
  <ItemGroup>
    <ClInclude Include="Config.h">
      <Filter>Plugin Files</Filter>
    </ClInclude>
    <ClInclude Include="..\f4se\GameAPI.h">
      <Filter>Header Files</Filter>
    </ClInclude>
    <ClInclude Include="..\f4se\GameExtraData.h">
      <Filter>Header Files</Filter>
    </ClInclude>
    <ClInclude Include="..\f4se\GameForms.h">
      <Filter>Header Files</Filter>
    </ClInclude>
    <ClInclude Include="..\f4se\GameFormComponents.h">
      <Filter>Header Files</Filter>
    </ClInclude>
    <ClInclude Include="..\f4se\GameObjects.h">
      <Filter>Header Files</Filter>
    </ClInclude>
    <ClInclude Include="..\f4se\GameReferences.h">
      <Filter>Header Files</Filter>
    </ClInclude>
    <ClInclude Include="..\f4se\GameRTTI.h">
      <Filter>Header Files</Filter>
    </ClInclude>
    <ClInclude Include="..\f4se\GameSettings.h">
      <Filter>Header Files</Filter>
    </ClInclude>
    <ClInclude Include="..\f4se\GameTypes.h">
      <Filter>Header Files</Filter>
    </ClInclude>
    <ClInclude Include="..\f4se\GameUtilities.h">
      <Filter>Header Files</Filter>
    </ClInclude>
    <ClInclude Include="..\f4se\PapyrusArgs.h">
      <Filter>Header Files</Filter>
    </ClInclude>
    <ClInclude Include="..\f4se\PapyrusEvents.h">
      <Filter>Header Files</Filter>
    </ClInclude>
    <ClInclude Include="..\f4se\PapyrusInterfaces.h">
      <Filter>Header Files</Filter>
    </ClInclude>
    <ClInclude Include="..\f4se\PapyrusNativeFunctions.h">
      <Filter>Header Files</Filter>
    </ClInclude>
    <ClInclude Include="..\f4se\PapyrusInstanceData.h">
      <Filter>Header Files</Filter>
    </ClInclude>
    <ClInclude Include="..\f4se\PapyrusStruct.h">
      <Filter>Header Files</Filter>
    </ClInclude>
    <ClInclude Include="..\f4se\PapyrusUtilities.h">
      <Filter>Header Files</Filter>
    </ClInclude>
    <ClInclude Include="..\f4se\PapyrusValue.h">
      <Filter>Header Files</Filter>
    </ClInclude>
    <ClInclude Include="..\f4se\PapyrusVM.h">
      <Filter>Header Files</Filter>
    </ClInclude>
    <ClInclude Include="PapyrusAT.h">
      <Filter>Plugin Files</Filter>
    </ClInclude>
  </ItemGroup>
  <ItemGroup>
    <ClCompile Include="..\f4se\GameAPI.cpp">
      <Filter>Source Files</Filter>
    </ClCompile>
    <ClCompile Include="..\f4se\GameExtraData.cpp">
      <Filter>Source Files</Filter>
    </ClCompile>
    <ClCompile Include="..\f4se\GameForms.cpp">
      <Filter>Source Files</Filter>
    </ClCompile>
    <ClCompile Include="..\f4se\GameFormComponents.cpp">
      <Filter>Source Files</Filter>
    </ClCompile>
    <ClCompile Include="..\f4se\GameObjects.cpp">
      <Filter>Source Files</Filter>
    </ClCompile>
    <ClCompile Include="..\f4se\GameReferences.cpp">
      <Filter>Source Files</Filter>
    </ClCompile>
    <ClCompile Include="..\f4se\GameRTTI.cpp">
      <Filter>Source Files</Filter>
    </ClCompile>
    <ClCompile Include="..\f4se\GameSettings.cpp">
      <Filter>Source Files</Filter>
    </ClCompile>
    <ClCompile Include="..\f4se\GameTypes.cpp">
      <Filter>Source Files</Filter>
    </ClCompile>
    <ClCompile Include="..\f4se\GameUtilities.cpp">
      <Filter>Source Files</Filter>
    </ClCompile>
    <ClCompile Include="..\f4se\PapyrusArgs.cpp">
      <Filter>Source Files</Filter>
    </ClCompile>
    <ClCompile Include="..\f4se\PapyrusEvents.cpp">
      <Filter>Source Files</Filter>
    </ClCompile>
    <ClCompile Include="..\f4se\PapyrusInterfaces.cpp">
      <Filter>Source Files</Filter>
    </ClCompile>
    <ClCompile Include="..\f4se\PapyrusNativeFunctions.cpp">
      <Filter>Source Files</Filter>
    </ClCompile>
    <ClCompile Include="..\f4se\PapyrusInstanceData.cpp">
      <Filter>Source Files</Filter>
    </ClCompile>
    <ClCompile Include="..\f4se\PapyrusStruct.cpp">
      <Filter>Source Files</Filter>
    </ClCompile>
    <ClCompile Include="..\f4se\PapyrusUtilities.cpp">
      <Filter>Source Files</Filter>
    </ClCompile>
    <ClCompile Include="..\f4se\PapyrusValue.cpp">
      <Filter>Source Files</Filter>
    </ClCompile>
    <ClCompile Include="..\f4se\PapyrusVM.cpp">
      <Filter>Source Files</Filter>
    </ClCompile>
    <ClCompile Include="main.cpp">
      <Filter>Plugin Files</Filter>
    </ClCompile>
    <ClCompile Include="PapyrusAT.cpp">
      <Filter>Plugin Files</Filter>
    </ClCompile>
  </ItemGroup>
  <ItemGroup>
    <None Include="..\f4se\PapyrusEventsDef.inl">
      <Filter>Header Files</Filter>
    </None>
    <None Include="..\f4se\PapyrusEventsDef_Base.inl">
      <Filter>Header Files</Filter>
    </None>
    <None Include="..\f4se\PapyrusNativeFunctionDef.inl">
      <Filter>Header Files</Filter>
    </None>
    <None Include="..\f4se\PapyrusNativeFunctionDef_Base.inl">
      <Filter>Header Files</Filter>
    </None>
    <None Include="exports.def">
      <Filter>Source Files</Filter>
    </None>
  </ItemGroup>
</Project>